
Microsoft Visual Studio Solution File, Format Version 12.00
# Visual Studio Version 17
VisualStudioVersion = 17.9.34728.123
MinimumVisualStudioVersion = 10.0.40219.1
Project("{9A19103F-16F7-4668-BE54-9A1E7A4F7556}") = "NumberToWordsApi", "api\NumberToWordsApi.csproj", "{233C0579-2650-4B33-9FE5-AAE3C8DF903F}"
EndProject
Project("{9A19103F-16F7-4668-BE54-9A1E7A4F7556}") = "NumberToWordsApi.Tests", "tests\NumberToWordsApi.Tests\NumberToWordsApi.Tests.csproj", "{0A599A1D-907F-431E-9EF0-5D407EC1940A}"
EndProject
Global
	GlobalSection(SolutionConfigurationPlatforms) = preSolution
		Debug|Any CPU = Debug|Any CPU
		Release|Any CPU = Release|Any CPU
	EndGlobalSection
	GlobalSection(ProjectConfigurationPlatforms) = postSolution
		{233C0579-2650-4B33-9FE5-AAE3C8DF903F}.Debug|Any CPU.ActiveCfg = Debug|Any CPU
		{233C0579-2650-4B33-9FE5-AAE3C8DF903F}.Debug|Any CPU.Build.0 = Debug|Any CPU
		{233C0579-2650-4B33-9FE5-AAE3C8DF903F}.Release|Any CPU.ActiveCfg = Release|Any CPU
		{233C0579-2650-4B33-9FE5-AAE3C8DF903F}.Release|Any CPU.Build.0 = Release|Any CPU
		{0A599A1D-907F-431E-9EF0-5D407EC1940A}.Debug|Any CPU.ActiveCfg = Debug|Any CPU
		{0A599A1D-907F-431E-9EF0-5D407EC1940A}.Debug|Any CPU.Build.0 = Debug|Any CPU
		{0A599A1D-907F-431E-9EF0-5D407EC1940A}.Release|Any CPU.ActiveCfg = Release|Any CPU
		{0A599A1D-907F-431E-9EF0-5D407EC1940A}.Release|Any CPU.Build.0 = Release|Any CPU
	EndGlobalSection
	GlobalSection(SolutionProperties) = preSolution
		HideSolutionNode = FALSE
	EndGlobalSection
	GlobalSection(ExtensibilityGlobals) = postSolution
		SolutionGuid = {A1FB28DF-B19A-41F0-B691-7100166EF6C1}
	EndGlobalSection
EndGlobal
